
Microsoft Visual Studio Solution File, Format Version 12.00
# Visual Studio Version 16
VisualStudioVersion = 16.0.30204.135
MinimumVisualStudioVersion = 10.0.40219.1
Project("{FAE04EC0-301F-11D3-BF4B-00C04F79EFBC}") = "PruebaMock", "PruebaMock\PruebaMock.csproj", "{42E0FCA3-26C6-4886-B4BF-20CD6CD76E5E}"
EndProject
Project("{FAE04EC0-301F-11D3-BF4B-00C04F79EFBC}") = "PruebaMock.Data", "PruebaMock.Data\PruebaMock.Data.csproj", "{4C1A8797-E5DA-4CB1-8D8D-15050B78D705}"
EndProject
Project("{FAE04EC0-301F-11D3-BF4B-00C04F79EFBC}") = "PruebaMock.Entities", "PruebaMock.Entities\PruebaMock.Entities.csproj", "{97BBB49B-F5F6-4014-BD26-7760567110A0}"
EndProject
Project("{FAE04EC0-301F-11D3-BF4B-00C04F79EFBC}") = "PruebaMock.Logic", "PruebaMock.Logic\PruebaMock.Logic.csproj", "{91468DAE-BAB2-4D66-BEC6-D90A2F1C2A7B}"
EndProject
Project("{FAE04EC0-301F-11D3-BF4B-00C04F79EFBC}") = "MockTest", "MockTest\MockTest.csproj", "{85486B4D-6CC4-4BB3-98FE-5E11E2B17EC4}"
EndProject
Global
	GlobalSection(SolutionConfigurationPlatforms) = preSolution
		Debug|Any CPU = Debug|Any CPU
		Release|Any CPU = Release|Any CPU
	EndGlobalSection
	GlobalSection(ProjectConfigurationPlatforms) = postSolution
		{42E0FCA3-26C6-4886-B4BF-20CD6CD76E5E}.Debug|Any CPU.ActiveCfg = Debug|Any CPU
		{42E0FCA3-26C6-4886-B4BF-20CD6CD76E5E}.Debug|Any CPU.Build.0 = Debug|Any CPU
		{42E0FCA3-26C6-4886-B4BF-20CD6CD76E5E}.Release|Any CPU.ActiveCfg = Release|Any CPU
		{42E0FCA3-26C6-4886-B4BF-20CD6CD76E5E}.Release|Any CPU.Build.0 = Release|Any CPU
		{4C1A8797-E5DA-4CB1-8D8D-15050B78D705}.Debug|Any CPU.ActiveCfg = Debug|Any CPU
		{4C1A8797-E5DA-4CB1-8D8D-15050B78D705}.Debug|Any CPU.Build.0 = Debug|Any CPU
		{4C1A8797-E5DA-4CB1-8D8D-15050B78D705}.Release|Any CPU.ActiveCfg = Release|Any CPU
		{4C1A8797-E5DA-4CB1-8D8D-15050B78D705}.Release|Any CPU.Build.0 = Release|Any CPU
		{97BBB49B-F5F6-4014-BD26-7760567110A0}.Debug|Any CPU.ActiveCfg = Debug|Any CPU
		{97BBB49B-F5F6-4014-BD26-7760567110A0}.Debug|Any CPU.Build.0 = Debug|Any CPU
		{97BBB49B-F5F6-4014-BD26-7760567110A0}.Release|Any CPU.ActiveCfg = Release|Any CPU
		{97BBB49B-F5F6-4014-BD26-7760567110A0}.Release|Any CPU.Build.0 = Release|Any CPU
		{91468DAE-BAB2-4D66-BEC6-D90A2F1C2A7B}.Debug|Any CPU.ActiveCfg = Debug|Any CPU
		{91468DAE-BAB2-4D66-BEC6-D90A2F1C2A7B}.Debug|Any CPU.Build.0 = Debug|Any CPU
		{91468DAE-BAB2-4D66-BEC6-D90A2F1C2A7B}.Release|Any CPU.ActiveCfg = Release|Any CPU
		{91468DAE-BAB2-4D66-BEC6-D90A2F1C2A7B}.Release|Any CPU.Build.0 = Release|Any CPU
		{85486B4D-6CC4-4BB3-98FE-5E11E2B17EC4}.Debug|Any CPU.ActiveCfg = Debug|Any CPU
		{85486B4D-6CC4-4BB3-98FE-5E11E2B17EC4}.Debug|Any CPU.Build.0 = Debug|Any CPU
		{85486B4D-6CC4-4BB3-98FE-5E11E2B17EC4}.Release|Any CPU.ActiveCfg = Release|Any CPU
		{85486B4D-6CC4-4BB3-98FE-5E11E2B17EC4}.Release|Any CPU.Build.0 = Release|Any CPU
	EndGlobalSection
	GlobalSection(SolutionProperties) = preSolution
		HideSolutionNode = FALSE
	EndGlobalSection
	GlobalSection(ExtensibilityGlobals) = postSolution
		SolutionGuid = {5403CFF8-A2BE-425E-95EF-467359C12229}
	EndGlobalSection
EndGlobal
