
Microsoft Visual Studio Solution File, Format Version 12.00
# Visual Studio Version 16
VisualStudioVersion = 16.0.30611.23
MinimumVisualStudioVersion = 10.0.40219.1
Project("{FAE04EC0-301F-11D3-BF4B-00C04F79EFBC}") = "Ejercicio1", "Ejercicio1\Ejercicio1.csproj", "{11CB66C0-516F-44E0-AC6B-27D34BF84C41}"
EndProject
Global
	GlobalSection(SolutionConfigurationPlatforms) = preSolution
		Debug|Any CPU = Debug|Any CPU
		Release|Any CPU = Release|Any CPU
	EndGlobalSection
	GlobalSection(ProjectConfigurationPlatforms) = postSolution
		{11CB66C0-516F-44E0-AC6B-27D34BF84C41}.Debug|Any CPU.ActiveCfg = Debug|Any CPU
		{11CB66C0-516F-44E0-AC6B-27D34BF84C41}.Debug|Any CPU.Build.0 = Debug|Any CPU
		{11CB66C0-516F-44E0-AC6B-27D34BF84C41}.Release|Any CPU.ActiveCfg = Release|Any CPU
		{11CB66C0-516F-44E0-AC6B-27D34BF84C41}.Release|Any CPU.Build.0 = Release|Any CPU
	EndGlobalSection
	GlobalSection(SolutionProperties) = preSolution
		HideSolutionNode = FALSE
	EndGlobalSection
	GlobalSection(ExtensibilityGlobals) = postSolution
		SolutionGuid = {878CA00F-592E-4653-8ADD-3B048D465F7F}
	EndGlobalSection
EndGlobal
