
Microsoft Visual Studio Solution File, Format Version 12.00
# Visual Studio Version 16
VisualStudioVersion = 16.0.30204.135
MinimumVisualStudioVersion = 10.0.40219.1
Project("{FAE04EC0-301F-11D3-BF4B-00C04F79EFBC}") = "Lab.Capas.Consola", "Lab.Capas.Consola\Lab.Capas.Consola.csproj", "{1340F646-6A48-4A07-B224-45F991E42B44}"
EndProject
Project("{FAE04EC0-301F-11D3-BF4B-00C04F79EFBC}") = "Lab.Capas.Logic", "Lab.Capas.Logic\Lab.Capas.Logic.csproj", "{BB62B092-5E9E-46C8-97C2-398A25BEFFAF}"
EndProject
Project("{FAE04EC0-301F-11D3-BF4B-00C04F79EFBC}") = "Lab.Capas.Data", "Lab.Capas.Data\Lab.Capas.Data.csproj", "{5EC073AA-A8B3-4F40-A512-6E91FF150589}"
EndProject
Project("{FAE04EC0-301F-11D3-BF4B-00C04F79EFBC}") = "Lab.Capas.Entities", "Lab.Capas.Entities\Lab.Capas.Entities.csproj", "{EDF0C897-6A27-490D-996F-04445E9605A0}"
EndProject
Global
	GlobalSection(SolutionConfigurationPlatforms) = preSolution
		Debug|Any CPU = Debug|Any CPU
		Release|Any CPU = Release|Any CPU
	EndGlobalSection
	GlobalSection(ProjectConfigurationPlatforms) = postSolution
		{1340F646-6A48-4A07-B224-45F991E42B44}.Debug|Any CPU.ActiveCfg = Debug|Any CPU
		{1340F646-6A48-4A07-B224-45F991E42B44}.Debug|Any CPU.Build.0 = Debug|Any CPU
		{1340F646-6A48-4A07-B224-45F991E42B44}.Release|Any CPU.ActiveCfg = Release|Any CPU
		{1340F646-6A48-4A07-B224-45F991E42B44}.Release|Any CPU.Build.0 = Release|Any CPU
		{BB62B092-5E9E-46C8-97C2-398A25BEFFAF}.Debug|Any CPU.ActiveCfg = Debug|Any CPU
		{BB62B092-5E9E-46C8-97C2-398A25BEFFAF}.Debug|Any CPU.Build.0 = Debug|Any CPU
		{BB62B092-5E9E-46C8-97C2-398A25BEFFAF}.Release|Any CPU.ActiveCfg = Release|Any CPU
		{BB62B092-5E9E-46C8-97C2-398A25BEFFAF}.Release|Any CPU.Build.0 = Release|Any CPU
		{5EC073AA-A8B3-4F40-A512-6E91FF150589}.Debug|Any CPU.ActiveCfg = Debug|Any CPU
		{5EC073AA-A8B3-4F40-A512-6E91FF150589}.Debug|Any CPU.Build.0 = Debug|Any CPU
		{5EC073AA-A8B3-4F40-A512-6E91FF150589}.Release|Any CPU.ActiveCfg = Release|Any CPU
		{5EC073AA-A8B3-4F40-A512-6E91FF150589}.Release|Any CPU.Build.0 = Release|Any CPU
		{EDF0C897-6A27-490D-996F-04445E9605A0}.Debug|Any CPU.ActiveCfg = Debug|Any CPU
		{EDF0C897-6A27-490D-996F-04445E9605A0}.Debug|Any CPU.Build.0 = Debug|Any CPU
		{EDF0C897-6A27-490D-996F-04445E9605A0}.Release|Any CPU.ActiveCfg = Release|Any CPU
		{EDF0C897-6A27-490D-996F-04445E9605A0}.Release|Any CPU.Build.0 = Release|Any CPU
	EndGlobalSection
	GlobalSection(SolutionProperties) = preSolution
		HideSolutionNode = FALSE
	EndGlobalSection
	GlobalSection(ExtensibilityGlobals) = postSolution
		SolutionGuid = {3773441F-C813-4566-8A54-4E5E5891B41A}
	EndGlobalSection
EndGlobal
